// !$*UTF8*$!
{
	archiveVersion = 1;
	classes = {
	};
	objectVersion = 46;
	objects = {

/* Begin PBXBuildFile section */
		8E605B1B1C2607E600A666B7 /* MainWindow.xib in Resources */ = {isa = PBXBuildFile; fileRef = 8E605B1A1C2607E600A666B7 /* MainWindow.xib */; };
		8E605B1D1C2609D000A666B7 /* FileDragDestination.swift in Sources */ = {isa = PBXBuildFile; fileRef = 8E605B1C1C2609D000A666B7 /* FileDragDestination.swift */; };
		8E605B1F1C26B5F800A666B7 /* glo-annotate in Resources */ = {isa = PBXBuildFile; fileRef = 8E605B1E1C26B5F800A666B7 /* glo-annotate */; };
		8EE0A4101C26078200FFDFB9 /* AppDelegate.swift in Sources */ = {isa = PBXBuildFile; fileRef = 8EE0A40F1C26078200FFDFB9 /* AppDelegate.swift */; };
		8EE0A4121C26078200FFDFB9 /* Assets.xcassets in Resources */ = {isa = PBXBuildFile; fileRef = 8EE0A4111C26078200FFDFB9 /* Assets.xcassets */; };
		8EE0A4151C26078200FFDFB9 /* MainMenu.xib in Resources */ = {isa = PBXBuildFile; fileRef = 8EE0A4131C26078200FFDFB9 /* MainMenu.xib */; };
/* End PBXBuildFile section */

/* Begin PBXFileReference section */
		8E605B1A1C2607E600A666B7 /* MainWindow.xib */ = {isa = PBXFileReference; fileEncoding = 4; lastKnownFileType = file.xib; path = MainWindow.xib; sourceTree = "<group>"; };
		8E605B1C1C2609D000A666B7 /* FileDragDestination.swift */ = {isa = PBXFileReference; fileEncoding = 4; lastKnownFileType = sourcecode.swift; path = FileDragDestination.swift; sourceTree = "<group>"; };
		8E605B1E1C26B5F800A666B7 /* glo-annotate */ = {isa = PBXFileReference; lastKnownFileType = "compiled.mach-o.executable"; name = "glo-annotate"; path = "../../glo-annotate"; sourceTree = "<group>"; };
		8EE0A40C1C26078200FFDFB9 /* PimpMyGlow.app */ = {isa = PBXFileReference; explicitFileType = wrapper.application; includeInIndex = 0; path = PimpMyGlow.app; sourceTree = BUILT_PRODUCTS_DIR; };
		8EE0A40F1C26078200FFDFB9 /* AppDelegate.swift */ = {isa = PBXFileReference; lastKnownFileType = sourcecode.swift; path = AppDelegate.swift; sourceTree = "<group>"; };
		8EE0A4111C26078200FFDFB9 /* Assets.xcassets */ = {isa = PBXFileReference; lastKnownFileType = folder.assetcatalog; path = Assets.xcassets; sourceTree = "<group>"; };
		8EE0A4141C26078200FFDFB9 /* Base */ = {isa = PBXFileReference; lastKnownFileType = file.xib; name = Base; path = Base.lproj/MainMenu.xib; sourceTree = "<group>"; };
		8EE0A4161C26078300FFDFB9 /* Info.plist */ = {isa = PBXFileReference; lastKnownFileType = text.plist.xml; path = Info.plist; sourceTree = "<group>"; };
/* End PBXFileReference section */

/* Begin PBXFrameworksBuildPhase section */
		8EE0A4091C26078200FFDFB9 /* Frameworks */ = {
			isa = PBXFrameworksBuildPhase;
			buildActionMask = 2147483647;
			files = (
			);
			runOnlyForDeploymentPostprocessing = 0;
		};
/* End PBXFrameworksBuildPhase section */

/* Begin PBXGroup section */
		8EE0A4031C26078200FFDFB9 = {
			isa = PBXGroup;
			children = (
				8EE0A40E1C26078200FFDFB9 /* PimpMyGlow */,
				8EE0A40D1C26078200FFDFB9 /* Products */,
			);
			sourceTree = "<group>";
		};
		8EE0A40D1C26078200FFDFB9 /* Products */ = {
			isa = PBXGroup;
			children = (
				8EE0A40C1C26078200FFDFB9 /* PimpMyGlow.app */,
			);
			name = Products;
			sourceTree = "<group>";
		};
		8EE0A40E1C26078200FFDFB9 /* PimpMyGlow */ = {
			isa = PBXGroup;
			children = (
				8EE0A40F1C26078200FFDFB9 /* AppDelegate.swift */,
				8EE0A4111C26078200FFDFB9 /* Assets.xcassets */,
				8E605B1A1C2607E600A666B7 /* MainWindow.xib */,
				8EE0A4131C26078200FFDFB9 /* MainMenu.xib */,
				8EE0A4161C26078300FFDFB9 /* Info.plist */,
				8E605B1C1C2609D000A666B7 /* FileDragDestination.swift */,
				8E605B1E1C26B5F800A666B7 /* glo-annotate */,
			);
			path = PimpMyGlow;
			sourceTree = "<group>";
		};
/* End PBXGroup section */

/* Begin PBXNativeTarget section */
		8EE0A40B1C26078200FFDFB9 /* PimpMyGlow */ = {
			isa = PBXNativeTarget;
			buildConfigurationList = 8EE0A4191C26078300FFDFB9 /* Build configuration list for PBXNativeTarget "PimpMyGlow" */;
			buildPhases = (
				8EE0A4081C26078200FFDFB9 /* Sources */,
				8EE0A4091C26078200FFDFB9 /* Frameworks */,
				8EE0A40A1C26078200FFDFB9 /* Resources */,
			);
			buildRules = (
			);
			dependencies = (
			);
			name = PimpMyGlow;
			productName = PimpMyGlow;
			productReference = 8EE0A40C1C26078200FFDFB9 /* PimpMyGlow.app */;
			productType = "com.apple.product-type.application";
		};
/* End PBXNativeTarget section */

/* Begin PBXProject section */
		8EE0A4041C26078200FFDFB9 /* Project object */ = {
			isa = PBXProject;
			attributes = {
				LastSwiftUpdateCheck = 0720;
				LastUpgradeCheck = 0720;
				ORGANIZATIONNAME = "Mark Probst";
				TargetAttributes = {
					8EE0A40B1C26078200FFDFB9 = {
						CreatedOnToolsVersion = 7.2;
					};
				};
			};
			buildConfigurationList = 8EE0A4071C26078200FFDFB9 /* Build configuration list for PBXProject "PimpMyGlow" */;
			compatibilityVersion = "Xcode 3.2";
			developmentRegion = English;
			hasScannedForEncodings = 0;
			knownRegions = (
				en,
				Base,
			);
			mainGroup = 8EE0A4031C26078200FFDFB9;
			productRefGroup = 8EE0A40D1C26078200FFDFB9 /* Products */;
			projectDirPath = "";
			projectRoot = "";
			targets = (
				8EE0A40B1C26078200FFDFB9 /* PimpMyGlow */,
			);
		};
/* End PBXProject section */

/* Begin PBXResourcesBuildPhase section */
		8EE0A40A1C26078200FFDFB9 /* Resources */ = {
			isa = PBXResourcesBuildPhase;
			buildActionMask = 2147483647;
			files = (
				8EE0A4121C26078200FFDFB9 /* Assets.xcassets in Resources */,
				8E605B1F1C26B5F800A666B7 /* glo-annotate in Resources */,
				8EE0A4151C26078200FFDFB9 /* MainMenu.xib in Resources */,
				8E605B1B1C2607E600A666B7 /* MainWindow.xib in Resources */,
			);
			runOnlyForDeploymentPostprocessing = 0;
		};
/* End PBXResourcesBuildPhase section */

/* Begin PBXSourcesBuildPhase section */
		8EE0A4081C26078200FFDFB9 /* Sources */ = {
			isa = PBXSourcesBuildPhase;
			buildActionMask = 2147483647;
			files = (
				8E605B1D1C2609D000A666B7 /* FileDragDestination.swift in Sources */,
				8EE0A4101C26078200FFDFB9 /* AppDelegate.swift in Sources */,
			);
			runOnlyForDeploymentPostprocessing = 0;
		};
/* End PBXSourcesBuildPhase section */

/* Begin PBXVariantGroup section */
		8EE0A4131C26078200FFDFB9 /* MainMenu.xib */ = {
			isa = PBXVariantGroup;
			children = (
				8EE0A4141C26078200FFDFB9 /* Base */,
			);
			name = MainMenu.xib;
			sourceTree = "<group>";
		};
/* End PBXVariantGroup section */

/* Begin XCBuildConfiguration section */
		8EE0A4171C26078300FFDFB9 /* Debug */ = {
			isa = XCBuildConfiguration;
			buildSettings = {
				ALWAYS_SEARCH_USER_PATHS = NO;
				CLANG_CXX_LANGUAGE_STANDARD = "gnu++0x";
				CLANG_CXX_LIBRARY = "libc++";
				CLANG_ENABLE_MODULES = YES;
				CLANG_ENABLE_OBJC_ARC = YES;
				CLANG_WARN_BOOL_CONVERSION = YES;
				CLANG_WARN_CONSTANT_CONVERSION = YES;
				CLANG_WARN_DIRECT_OBJC_ISA_USAGE = YES_ERROR;
				CLANG_WARN_EMPTY_BODY = YES;
				CLANG_WARN_ENUM_CONVERSION = YES;
				CLANG_WARN_INT_CONVERSION = YES;
				CLANG_WARN_OBJC_ROOT_CLASS = YES_ERROR;
				CLANG_WARN_UNREACHABLE_CODE = YES;
				CLANG_WARN__DUPLICATE_METHOD_MATCH = YES;
				CODE_SIGN_IDENTITY = "-";
				COPY_PHASE_STRIP = NO;
				DEBUG_INFORMATION_FORMAT = dwarf;
				ENABLE_STRICT_OBJC_MSGSEND = YES;
				ENABLE_TESTABILITY = YES;
				GCC_C_LANGUAGE_STANDARD = gnu99;
				GCC_DYNAMIC_NO_PIC = NO;
				GCC_NO_COMMON_BLOCKS = YES;
				GCC_OPTIMIZATION_LEVEL = 0;
				GCC_PREPROCESSOR_DEFINITIONS = (
					"DEBUG=1",
					"$(inherited)",
				);
				GCC_WARN_64_TO_32_BIT_CONVERSION = YES;
				GCC_WARN_ABOUT_RETURN_TYPE = YES_ERROR;
				GCC_WARN_UNDECLARED_SELECTOR = YES;
				GCC_WARN_UNINITIALIZED_AUTOS = YES_AGGRESSIVE;
				GCC_WARN_UNUSED_FUNCTION = YES;
				GCC_WARN_UNUSED_VARIABLE = YES;
				MACOSX_DEPLOYMENT_TARGET = 10.11;
				MTL_ENABLE_DEBUG_INFO = YES;
				ONLY_ACTIVE_ARCH = YES;
				SDKROOT = macosx;
				SWIFT_OPTIMIZATION_LEVEL = "-Onone";
			};
			name = Debug;
		};
		8EE0A4181C26078300FFDFB9 /* Release */ = {
			isa = XCBuildConfiguration;
			buildSettings = {
				ALWAYS_SEARCH_USER_PATHS = NO;
				CLANG_CXX_LANGUAGE_STANDARD = "gnu++0x";
				CLANG_CXX_LIBRARY = "libc++";
				CLANG_ENABLE_MODULES = YES;
				CLANG_ENABLE_OBJC_ARC = YES;
				CLANG_WARN_BOOL_CONVERSION = YES;
				CLANG_WARN_CONSTANT_CONVERSION = YES;
				CLANG_WARN_DIRECT_OBJC_ISA_USAGE = YES_ERROR;
				CLANG_WARN_EMPTY_BODY = YES;
				CLANG_WARN_ENUM_CONVERSION = YES;
				CLANG_WARN_INT_CONVERSION = YES;
				CLANG_WARN_OBJC_ROOT_CLASS = YES_ERROR;
				CLANG_WARN_UNREACHABLE_CODE = YES;
				CLANG_WARN__DUPLICATE_METHOD_MATCH = YES;
				CODE_SIGN_IDENTITY = "-";
				COPY_PHASE_STRIP = NO;
				DEBUG_INFORMATION_FORMAT = "dwarf-with-dsym";
				ENABLE_NS_ASSERTIONS = NO;
				ENABLE_STRICT_OBJC_MSGSEND = YES;
				GCC_C_LANGUAGE_STANDARD = gnu99;
				GCC_NO_COMMON_BLOCKS = YES;
				GCC_WARN_64_TO_32_BIT_CONVERSION = YES;
				GCC_WARN_ABOUT_RETURN_TYPE = YES_ERROR;
				GCC_WARN_UNDECLARED_SELECTOR = YES;
				GCC_WARN_UNINITIALIZED_AUTOS = YES_AGGRESSIVE;
				GCC_WARN_UNUSED_FUNCTION = YES;
				GCC_WARN_UNUSED_VARIABLE = YES;
				MACOSX_DEPLOYMENT_TARGET = 10.11;
				MTL_ENABLE_DEBUG_INFO = NO;
				SDKROOT = macosx;
			};
			name = Release;
		};
		8EE0A41A1C26078300FFDFB9 /* Debug */ = {
			isa = XCBuildConfiguration;
			buildSettings = {
				ASSETCATALOG_COMPILER_APPICON_NAME = AppIcon;
				COMBINE_HIDPI_IMAGES = YES;
				INFOPLIST_FILE = PimpMyGlow/Info.plist;
				LD_RUNPATH_SEARCH_PATHS = "$(inherited) @executable_path/../Frameworks";
				PRODUCT_BUNDLE_IDENTIFIER = MarkProbst.PimpMyGlow;
				PRODUCT_NAME = "$(TARGET_NAME)";
			};
			name = Debug;
		};
		8EE0A41B1C26078300FFDFB9 /* Release */ = {
			isa = XCBuildConfiguration;
			buildSettings = {
				ASSETCATALOG_COMPILER_APPICON_NAME = AppIcon;
				COMBINE_HIDPI_IMAGES = YES;
				INFOPLIST_FILE = PimpMyGlow/Info.plist;
				LD_RUNPATH_SEARCH_PATHS = "$(inherited) @executable_path/../Frameworks";
				PRODUCT_BUNDLE_IDENTIFIER = MarkProbst.PimpMyGlow;
				PRODUCT_NAME = "$(TARGET_NAME)";
			};
			name = Release;
		};
/* End XCBuildConfiguration section */

/* Begin XCConfigurationList section */
		8EE0A4071C26078200FFDFB9 /* Build configuration list for PBXProject "PimpMyGlow" */ = {
			isa = XCConfigurationList;
			buildConfigurations = (
				8EE0A4171C26078300FFDFB9 /* Debug */,
				8EE0A4181C26078300FFDFB9 /* Release */,
			);
			defaultConfigurationIsVisible = 0;
			defaultConfigurationName = Release;
		};
		8EE0A4191C26078300FFDFB9 /* Build configuration list for PBXNativeTarget "PimpMyGlow" */ = {
			isa = XCConfigurationList;
			buildConfigurations = (
				8EE0A41A1C26078300FFDFB9 /* Debug */,
				8EE0A41B1C26078300FFDFB9 /* Release */,
			);
			defaultConfigurationIsVisible = 0;
			defaultConfigurationName = Release;
		};
/* End XCConfigurationList section */
	};
	rootObject = 8EE0A4041C26078200FFDFB9 /* Project object */;
}
